<?xml version="1.0" encoding="utf-8"?>
<Project ToolsVersion="4.0" xmlns="http://schemas.microsoft.com/developer/msbuild/2003">
  <ItemGroup>
    <Filter Include="Source Files">
      <UniqueIdentifier>{4FC737F1-C7A5-4376-A066-2A32D752A2FF}</UniqueIdentifier>
      <Extensions>cpp;c;cc;cxx;c++;cppm;ixx;def;odl;idl;hpj;bat;asm;asmx</Extensions>
    </Filter>
    <Filter Include="Header Files">
      <UniqueIdentifier>{93995380-89BD-4b04-88EB-625FBE52EBFB}</UniqueIdentifier>
      <Extensions>h;hh;hpp;hxx;h++;hm;inl;inc;ipp;xsd</Extensions>
    </Filter>
    <Filter Include="Source Files\Assistants">
      <UniqueIdentifier>{89a55c14-1a9b-486e-9b28-16af4d258b1c}</UniqueIdentifier>
    </Filter>
    <Filter Include="Header Files\_nlohmann">
      <UniqueIdentifier>{55d4d668-6f28-4b99-9a19-8f349a95197e}</UniqueIdentifier>
    </Filter>
    <Filter Include="to_be_removed">
      <UniqueIdentifier>{5efef33a-fd49-4994-9c98-d0080b4b7d89}</UniqueIdentifier>
    </Filter>
    <Filter Include="to_be_removed\InstructionSets">
      <UniqueIdentifier>{f124b1ff-b297-4745-ade8-c28e4686f1c8}</UniqueIdentifier>
    </Filter>
    <Filter Include="Source Files\Systems">
      <UniqueIdentifier>{6fc556f9-a527-48ce-9095-97e687e85301}</UniqueIdentifier>
    </Filter>
    <Filter Include="Source Files\Systems\BYTEPUSHER">
      <UniqueIdentifier>{50b2b878-0361-496d-b28e-3dcc64dffb62}</UniqueIdentifier>
    </Filter>
    <Filter Include="Source Files\Systems\BYTEPUSHER\Cores">
      <UniqueIdentifier>{44cc83bd-e290-42f5-8205-b991ff8a4345}</UniqueIdentifier>
    </Filter>
    <Filter Include="Source Files\Systems\CHIP8">
      <UniqueIdentifier>{d0abc864-8f99-421f-90c9-a99afdd60b41}</UniqueIdentifier>
    </Filter>
    <Filter Include="Source Files\Systems\CHIP8\Cores">
      <UniqueIdentifier>{a31d04cb-4539-415a-9bab-f85e2fb0f2b7}</UniqueIdentifier>
    </Filter>
  </ItemGroup>
  <ItemGroup>
    <ClCompile Include="src\CubeChip.cpp">
      <Filter>Source Files</Filter>
    </ClCompile>
    <ClCompile Include="src\EmuHost.cpp">
      <Filter>Source Files</Filter>
    </ClCompile>
    <ClCompile Include="src\Assistants\BasicAudioSpec.cpp">
      <Filter>Source Files\Assistants</Filter>
    </ClCompile>
    <ClCompile Include="src\Assistants\BasicInput.cpp">
      <Filter>Source Files\Assistants</Filter>
    </ClCompile>
    <ClCompile Include="src\Assistants\BasicLogger.cpp">
      <Filter>Source Files\Assistants</Filter>
    </ClCompile>
    <ClCompile Include="src\Assistants\BasicVideoSpec.cpp">
      <Filter>Source Files\Assistants</Filter>
    </ClCompile>
    <ClCompile Include="src\Assistants\FrameLimiter.cpp">
      <Filter>Source Files\Assistants</Filter>
    </ClCompile>
    <ClCompile Include="src\Assistants\HomeDirManager.cpp">
      <Filter>Source Files\Assistants</Filter>
    </ClCompile>
    <ClCompile Include="src\Assistants\SHA1.cpp">
      <Filter>Source Files\Assistants</Filter>
    </ClCompile>
    <ClCompile Include="src\Systems\EmuInterface.cpp">
      <Filter>Source Files\Systems</Filter>
    </ClCompile>
    <ClCompile Include="src\Systems\GameFileChecker.cpp">
      <Filter>Source Files\Systems</Filter>
    </ClCompile>
    <ClCompile Include="src\Systems\CHIP8\Chip8_CoreInterface.cpp">
      <Filter>Source Files\Systems\CHIP8</Filter>
    </ClCompile>
    <ClCompile Include="src\Systems\CHIP8\Cores\CHIP8_MODERN.cpp">
      <Filter>Source Files\Systems\CHIP8\Cores</Filter>
    </ClCompile>
    <ClCompile Include="src\Systems\BYTEPUSHER\BytePusher_CoreInterface.cpp">
      <Filter>Source Files\Systems\BYTEPUSHER</Filter>
    </ClCompile>
    <ClCompile Include="src\Systems\BYTEPUSHER\Cores\BYTEPUSHER_STANDARD.cpp">
      <Filter>Source Files\Systems\BYTEPUSHER\Cores</Filter>
    </ClCompile>
    <ClCompile Include="src\Systems\CHIP8\Cores\XOCHIP.cpp">
      <Filter>Source Files\Systems\CHIP8\Cores</Filter>
    </ClCompile>
  </ItemGroup>
  <ItemGroup>
    <ClInclude Include="src\_nlohmann\json_fwd.hpp">
      <Filter>Header Files\_nlohmann</Filter>
    </ClInclude>
    <ClInclude Include="src\_nlohmann\json.hpp">
      <Filter>Header Files\_nlohmann</Filter>
    </ClInclude>
    <ClInclude Include="src\Assistants\BasicAudioSpec.hpp">
      <Filter>Source Files\Assistants</Filter>
    </ClInclude>
    <ClInclude Include="src\Assistants\BasicInput.hpp">
      <Filter>Source Files\Assistants</Filter>
    </ClInclude>
    <ClInclude Include="src\Assistants\BasicLogger.hpp">
      <Filter>Source Files\Assistants</Filter>
    </ClInclude>
    <ClInclude Include="src\Assistants\BasicVideoSpec.hpp">
      <Filter>Source Files\Assistants</Filter>
    </ClInclude>
    <ClInclude Include="src\Assistants\BytePun.hpp">
      <Filter>Source Files\Assistants</Filter>
    </ClInclude>
    <ClInclude Include="src\Assistants\Concepts.hpp">
      <Filter>Source Files\Assistants</Filter>
    </ClInclude>
    <ClInclude Include="src\Assistants\FrameLimiter.hpp">
      <Filter>Source Files\Assistants</Filter>
    </ClInclude>
    <ClInclude Include="src\Assistants\Map2D.hpp">
      <Filter>Source Files\Assistants</Filter>
    </ClInclude>
    <ClInclude Include="src\Assistants\PathGetters.hpp">
      <Filter>Source Files\Assistants</Filter>
    </ClInclude>
    <ClInclude Include="src\Assistants\SHA1.hpp">
      <Filter>Source Files\Assistants</Filter>
    </ClInclude>
    <ClInclude Include="src\Assistants\Typedefs.hpp">
      <Filter>Source Files\Assistants</Filter>
    </ClInclude>
    <ClInclude Include="src\Assistants\Well512.hpp">
      <Filter>Source Files\Assistants</Filter>
    </ClInclude>
    <ClInclude Include="src\Assistants\HomeDirManager.hpp">
      <Filter>Source Files\Assistants</Filter>
    </ClInclude>
    <ClInclude Include="src\EmuHost.hpp">
      <Filter>Source Files</Filter>
    </ClInclude>
    <ClInclude Include="src\Systems\EmuInterface.hpp">
      <Filter>Source Files\Systems</Filter>
    </ClInclude>
    <ClInclude Include="src\Systems\GameFileChecker.hpp">
      <Filter>Source Files\Systems</Filter>
    </ClInclude>
    <ClInclude Include="src\Systems\CHIP8\Chip8_CoreInterface.hpp">
      <Filter>Source Files\Systems\CHIP8</Filter>
    </ClInclude>
    <ClInclude Include="src\Systems\CHIP8\Cores\CHIP8_MODERN.hpp">
      <Filter>Source Files\Systems\CHIP8\Cores</Filter>
    </ClInclude>
    <ClInclude Include="src\Systems\BYTEPUSHER\BytePusher_CoreInterface.hpp">
      <Filter>Source Files\Systems\BYTEPUSHER</Filter>
    </ClInclude>
    <ClInclude Include="src\Systems\BYTEPUSHER\Cores\BYTEPUSHER_STANDARD.hpp">
      <Filter>Source Files\Systems\BYTEPUSHER\Cores</Filter>
    </ClInclude>
    <ClInclude Include="src\Systems\CHIP8\Cores\XOCHIP.hpp">
      <Filter>Source Files\Systems\CHIP8\Cores</Filter>
    </ClInclude>
    <ClInclude Include="src\Assistants\RangeIterator.hpp">
      <Filter>Source Files\Assistants</Filter>
    </ClInclude>
  </ItemGroup>
</Project>