<?xml version="1.0" encoding="utf-8"?>
<Project ToolsVersion="4.0" xmlns="http://schemas.microsoft.com/developer/msbuild/2003">
  <ItemGroup>
    <Filter Include="Source Files">
      <UniqueIdentifier>{4FC737F1-C7A5-4376-A066-2A32D752A2FF}</UniqueIdentifier>
      <Extensions>cpp;c;cc;cxx;c++;cppm;ixx;def;odl;idl;hpj;bat;asm;asmx</Extensions>
    </Filter>
    <Filter Include="Header Files">
      <UniqueIdentifier>{93995380-89BD-4b04-88EB-625FBE52EBFB}</UniqueIdentifier>
      <Extensions>h;hh;hpp;hxx;h++;hm;inl;inc;ipp;xsd</Extensions>
    </Filter>
    <Filter Include="Resource Files">
      <UniqueIdentifier>{67DA6AB6-F800-4c08-8B7A-83BB121AAD01}</UniqueIdentifier>
      <Extensions>rc;ico;cur;bmp;dlg;rc2;rct;bin;rgs;gif;jpg;jpeg;jpe;resx;tiff;tif;png;wav;mfcribbon-ms</Extensions>
    </Filter>
  </ItemGroup>
  <ItemGroup>
    <ClCompile Include="src\CubeChip.cpp">
      <Filter>Source Files</Filter>
    </ClCompile>
    <ClCompile Include="src\HostClass\HostFunctions.cpp">
      <Filter>Source Files</Filter>
    </ClCompile>
    <ClCompile Include="src\GuestClass\Init.cpp">
      <Filter>Source Files</Filter>
    </ClCompile>
    <ClCompile Include="src\HostClass\_AudioSettings.cpp">
      <Filter>Source Files</Filter>
    </ClCompile>
    <ClCompile Include="src\HostClass\_FileInfo.cpp">
      <Filter>Source Files</Filter>
    </ClCompile>
    <ClCompile Include="src\GuestClass\_AudioCores.cpp">
      <Filter>Source Files</Filter>
    </ClCompile>
    <ClCompile Include="src\GuestClass\GuestFunctions.cpp">
      <Filter>Source Files</Filter>
    </ClCompile>
    <ClCompile Include="src\InstructionSets\_Classic8.cpp">
      <Filter>Source Files</Filter>
    </ClCompile>
    <ClCompile Include="src\InstructionSets\_Gigachip.cpp">
      <Filter>Source Files</Filter>
    </ClCompile>
    <ClCompile Include="src\InstructionSets\_LegacySC.cpp">
      <Filter>Source Files</Filter>
    </ClCompile>
    <ClCompile Include="src\InstructionSets\_Megachip.cpp">
      <Filter>Source Files</Filter>
    </ClCompile>
    <ClCompile Include="src\InstructionSets\_ModernXO.cpp">
      <Filter>Source Files</Filter>
    </ClCompile>
    <ClCompile Include="src\Assistants\BasicInput.cpp">
      <Filter>Source Files</Filter>
    </ClCompile>
    <ClCompile Include="src\GuestClass\_ProgramControl.cpp">
      <Filter>Source Files</Filter>
    </ClCompile>
    <ClCompile Include="src\GuestClass\_MemoryBanks.cpp">
      <Filter>Source Files</Filter>
    </ClCompile>
    <ClCompile Include="src\Assistants\FrameLimiter.cpp">
      <Filter>Source Files</Filter>
    </ClCompile>
    <ClCompile Include="src\Assistants\SHA1.cpp">
      <Filter>Source Files</Filter>
    </ClCompile>
    <ClCompile Include="src\Assistants\HexInput.cpp">
      <Filter>Source Files</Filter>
    </ClCompile>
    <ClCompile Include="src\GuestClass\_DisplayColors.cpp">
      <Filter>Source Files</Filter>
    </ClCompile>
    <ClCompile Include="src\GuestClass\_Registers.cpp">
      <Filter>Source Files</Filter>
    </ClCompile>
    <ClCompile Include="src\Assistants\BasicRenderer.cpp">
      <Filter>Source Files</Filter>
    </ClCompile>
  </ItemGroup>
  <ItemGroup>
    <ClInclude Include="src\InstructionSets\Interface.hpp">
      <Filter>Header Files</Filter>
    </ClInclude>
    <ClInclude Include="src\Assistants\FrameLimiter.hpp">
      <Filter>Header Files</Filter>
    </ClInclude>
    <ClInclude Include="src\Assistants\HexInput.hpp">
      <Filter>Header Files</Filter>
    </ClInclude>
    <ClInclude Include="src\Assistants\BasicInput.hpp">
      <Filter>Header Files</Filter>
    </ClInclude>
    <ClInclude Include="src\GuestClass\Guest.hpp">
      <Filter>Header Files</Filter>
    </ClInclude>
    <ClInclude Include="src\HostClass\Host.hpp">
      <Filter>Header Files</Filter>
    </ClInclude>
    <ClInclude Include="src\Includes.hpp">
      <Filter>Header Files</Filter>
    </ClInclude>
    <ClInclude Include="src\Assistants\Well512.hpp">
      <Filter>Header Files</Filter>
    </ClInclude>
    <ClInclude Include="src\Assistants\SHA1.hpp">
      <Filter>Header Files</Filter>
    </ClInclude>
    <ClInclude Include="src\_nlohmann\json.hpp">
      <Filter>Header Files</Filter>
    </ClInclude>
    <ClInclude Include="src\_nlohmann\json_fwd.hpp">
      <Filter>Header Files</Filter>
    </ClInclude>
    <ClInclude Include="src\Assistants\BasicRenderer.hpp">
      <Filter>Header Files</Filter>
    </ClInclude>
  </ItemGroup>
</Project>